
Microsoft Visual Studio Solution File, Format Version 12.00
# Visual Studio Version 17
VisualStudioVersion = 17.9.34616.47
MinimumVisualStudioVersion = 10.0.40219.1
Project("{9A19103F-16F7-4668-BE54-9A1E7A4F7556}") = "Cph.DDD.Meetup.Logistics.Domain", "Cph.DDD.Meetup.Logistics.Domain\Cph.DDD.Meetup.Logistics.Domain.csproj", "{E5A1F80A-C812-41EE-A910-208957C7AF5D}"
EndProject
Project("{2150E333-8FDC-42A3-9474-1A3956D46DE8}") = "Source", "Source", "{BB0E21FB-DDFD-4326-B01A-B0D11ED64E0E}"
EndProject
Project("{2150E333-8FDC-42A3-9474-1A3956D46DE8}") = "Documentation", "Documentation", "{6BE34015-6013-4569-A705-6F60263B99FC}"
	ProjectSection(SolutionItems) = preProject
		workshop.md = workshop.md
	EndProjectSection
EndProject
Project("{9A19103F-16F7-4668-BE54-9A1E7A4F7556}") = "Cph.DDD.Meetup.Logistics.Domain.Tests", "Logistics.Cata.Tests\Cph.DDD.Meetup.Logistics.Domain.Tests.csproj", "{FAAAE37F-3CE6-42F2-BCDF-A38505D869D9}"
EndProject
Project("{2150E333-8FDC-42A3-9474-1A3956D46DE8}") = "Assets", "Assets", "{80E3573D-F0EE-48F5-B50E-C1AD0D9630F4}"
	ProjectSection(SolutionItems) = preProject
		..\Documentation\Assets\Nasa-Mars-Mobile-Android-optimized_preview.mp4 = ..\Documentation\Assets\Nasa-Mars-Mobile-Android-optimized_preview.mp4
		..\Documentation\Assets\simple-logistics-domain.png = ..\Documentation\Assets\simple-logistics-domain.png
	EndProjectSection
EndProject
Project("{2150E333-8FDC-42A3-9474-1A3956D46DE8}") = "Docker", "Docker", "{FF61D39B-68A2-441B-9FE2-8AD1C8FFEC9E}"
	ProjectSection(SolutionItems) = preProject
		docker-compose.yml = docker-compose.yml
	EndProjectSection
EndProject
Project("{2150E333-8FDC-42A3-9474-1A3956D46DE8}") = "Solution Items", "Solution Items", "{6BFE588B-0D8B-4E56-BD7E-DCF029593DDB}"
	ProjectSection(SolutionItems) = preProject
		ReadMe.md = ReadMe.md
	EndProjectSection
EndProject
Project("{FAE04EC0-301F-11D3-BF4B-00C04F79EFBC}") = "Tools", "Tools\Tools.csproj", "{938EC866-868A-47F3-A0EE-D2738B89F9A8}"
EndProject
Project("{FAE04EC0-301F-11D3-BF4B-00C04F79EFBC}") = "Common", "Common\Common.csproj", "{04EA4F87-F0DD-4194-9C5C-6770D42F67F1}"
EndProject
Global
	GlobalSection(SolutionConfigurationPlatforms) = preSolution
		Debug|Any CPU = Debug|Any CPU
		Release|Any CPU = Release|Any CPU
	EndGlobalSection
	GlobalSection(ProjectConfigurationPlatforms) = postSolution
		{E5A1F80A-C812-41EE-A910-208957C7AF5D}.Debug|Any CPU.ActiveCfg = Debug|Any CPU
		{E5A1F80A-C812-41EE-A910-208957C7AF5D}.Debug|Any CPU.Build.0 = Debug|Any CPU
		{E5A1F80A-C812-41EE-A910-208957C7AF5D}.Release|Any CPU.ActiveCfg = Release|Any CPU
		{E5A1F80A-C812-41EE-A910-208957C7AF5D}.Release|Any CPU.Build.0 = Release|Any CPU
		{FAAAE37F-3CE6-42F2-BCDF-A38505D869D9}.Debug|Any CPU.ActiveCfg = Debug|Any CPU
		{FAAAE37F-3CE6-42F2-BCDF-A38505D869D9}.Debug|Any CPU.Build.0 = Debug|Any CPU
		{FAAAE37F-3CE6-42F2-BCDF-A38505D869D9}.Release|Any CPU.ActiveCfg = Release|Any CPU
		{FAAAE37F-3CE6-42F2-BCDF-A38505D869D9}.Release|Any CPU.Build.0 = Release|Any CPU
		{938EC866-868A-47F3-A0EE-D2738B89F9A8}.Debug|Any CPU.ActiveCfg = Debug|Any CPU
		{938EC866-868A-47F3-A0EE-D2738B89F9A8}.Debug|Any CPU.Build.0 = Debug|Any CPU
		{938EC866-868A-47F3-A0EE-D2738B89F9A8}.Release|Any CPU.ActiveCfg = Release|Any CPU
		{938EC866-868A-47F3-A0EE-D2738B89F9A8}.Release|Any CPU.Build.0 = Release|Any CPU
		{04EA4F87-F0DD-4194-9C5C-6770D42F67F1}.Debug|Any CPU.ActiveCfg = Debug|Any CPU
		{04EA4F87-F0DD-4194-9C5C-6770D42F67F1}.Debug|Any CPU.Build.0 = Debug|Any CPU
		{04EA4F87-F0DD-4194-9C5C-6770D42F67F1}.Release|Any CPU.ActiveCfg = Release|Any CPU
		{04EA4F87-F0DD-4194-9C5C-6770D42F67F1}.Release|Any CPU.Build.0 = Release|Any CPU
	EndGlobalSection
	GlobalSection(SolutionProperties) = preSolution
		HideSolutionNode = FALSE
	EndGlobalSection
	GlobalSection(NestedProjects) = preSolution
		{E5A1F80A-C812-41EE-A910-208957C7AF5D} = {BB0E21FB-DDFD-4326-B01A-B0D11ED64E0E}
		{FAAAE37F-3CE6-42F2-BCDF-A38505D869D9} = {BB0E21FB-DDFD-4326-B01A-B0D11ED64E0E}
		{80E3573D-F0EE-48F5-B50E-C1AD0D9630F4} = {6BE34015-6013-4569-A705-6F60263B99FC}
		{FF61D39B-68A2-441B-9FE2-8AD1C8FFEC9E} = {BB0E21FB-DDFD-4326-B01A-B0D11ED64E0E}
		{938EC866-868A-47F3-A0EE-D2738B89F9A8} = {BB0E21FB-DDFD-4326-B01A-B0D11ED64E0E}
		{04EA4F87-F0DD-4194-9C5C-6770D42F67F1} = {BB0E21FB-DDFD-4326-B01A-B0D11ED64E0E}
	EndGlobalSection
	GlobalSection(ExtensibilityGlobals) = postSolution
		SolutionGuid = {BEC00B3A-2B34-4B8C-9E63-B8D311959823}
	EndGlobalSection
EndGlobal
